<?xml version="1.0" encoding="utf-8"?>
<Project ToolsVersion="4.0" xmlns="http://schemas.microsoft.com/developer/msbuild/2003">
  <ItemGroup>
    <Filter Include="Source Files">
      <UniqueIdentifier>{4FC737F1-C7A5-4376-A066-2A32D752A2FF}</UniqueIdentifier>
      <Extensions>cpp;c;cc;cxx;def;odl;idl;hpj;bat;asm;asmx</Extensions>
    </Filter>
    <Filter Include="Header Files">
      <UniqueIdentifier>{93995380-89BD-4b04-88EB-625FBE52EBFB}</UniqueIdentifier>
      <Extensions>h;hpp;hxx;hm;inl;inc;xsd</Extensions>
    </Filter>
    <Filter Include="Resource Files">
      <UniqueIdentifier>{67DA6AB6-F800-4c08-8B7A-83BB121AAD01}</UniqueIdentifier>
      <Extensions>rc;ico;cur;bmp;dlg;rc2;rct;bin;rgs;gif;jpg;jpeg;jpe;resx;tiff;tif;png;wav;mfcribbon-ms</Extensions>
    </Filter>
    <Filter Include="TestData">
      <UniqueIdentifier>{61cbe339-8bb9-44ee-a3df-2cffe98dda8c}</UniqueIdentifier>
    </Filter>
    <Filter Include="TestData\DictionaryTest">
      <UniqueIdentifier>{fd044f5b-e350-495f-ba2b-ae5f8c9f81aa}</UniqueIdentifier>
    </Filter>
    <Filter Include="TestData\BoardTest">
      <UniqueIdentifier>{76282ba1-e2d7-4bca-8fc3-3ef5ed2647d7}</UniqueIdentifier>
    </Filter>
    <Filter Include="TestData\PositionArbitratorTest">
      <UniqueIdentifier>{b0e619e6-5f00-40ee-9857-f4d181fa28fb}</UniqueIdentifier>
    </Filter>
    <Filter Include="TestData\ScoreCalculatorTest">
      <UniqueIdentifier>{f2ef1ae3-6334-45ec-85c7-5ea4214b538e}</UniqueIdentifier>
    </Filter>
  </ItemGroup>
  <ItemGroup>
    <ClCompile Include="UTMain.cpp">
      <Filter>Source Files</Filter>
    </ClCompile>
    <ClCompile Include="ScoreRankTest.cpp">
      <Filter>Source Files</Filter>
    </ClCompile>
    <ClCompile Include="DictionaryTest.cpp">
      <Filter>Source Files</Filter>
    </ClCompile>
    <ClCompile Include="BoardTest.cpp">
      <Filter>Source Files</Filter>
    </ClCompile>
    <ClCompile Include="PositionArbitratorTest.cpp">
      <Filter>Source Files</Filter>
    </ClCompile>
    <ClCompile Include="ScoreCalculatorTest.cpp">
      <Filter>Source Files</Filter>
    </ClCompile>
    <ClCompile Include="TrieDictionaryTest.cpp">
      <Filter>Source Files</Filter>
    </ClCompile>
  </ItemGroup>
  <ItemGroup>
    <None Include="TestData\DictionaryTest\dict.txt">
      <Filter>TestData\DictionaryTest</Filter>
    </None>
    <None Include="TestData\BoardTest\emptyBoard.txt">
      <Filter>TestData\BoardTest</Filter>
    </None>
    <None Include="TestData\BoardTest\boardForIterator.txt">
      <Filter>TestData\BoardTest</Filter>
    </None>
    <None Include="TestData\BoardTest\normalBoard.txt">
      <Filter>TestData\BoardTest</Filter>
    </None>
    <None Include="TestData\PositionArbitratorTest\normal.txt">
      <Filter>TestData\PositionArbitratorTest</Filter>
    </None>
    <None Include="TestData\ScoreCalculatorTest\isStringValid.txt">
      <Filter>TestData\ScoreCalculatorTest</Filter>
    </None>
    <None Include="TestData\ScoreCalculatorTest\isSubStringValid.txt">
      <Filter>TestData\ScoreCalculatorTest</Filter>
    </None>
  </ItemGroup>
</Project>